
Microsoft Visual Studio Solution File, Format Version 12.00
# Visual Studio 2015
Project("{FAE04EC0-301F-11D3-BF4B-00C04F79EFBC}") = "Fighting Game.CSharp.Plugins", "Fighting Game.CSharp.Plugins.csproj", "{8692A4C2-7148-FD95-3EB6-8772238D1446}"
EndProject
Project("{FAE04EC0-301F-11D3-BF4B-00C04F79EFBC}") = "Fighting Game.CSharp", "Fighting Game.CSharp.csproj", "{3601A738-0E07-D8B6-C243-3F7A81536C59}"
EndProject
Project("{FAE04EC0-301F-11D3-BF4B-00C04F79EFBC}") = "Fighting Game.CSharp.Editor", "Fighting Game.CSharp.Editor.csproj", "{0D8396C1-EE51-FE2B-608F-DF51D814DC24}"
EndProject
Global
	GlobalSection(SolutionConfigurationPlatforms) = preSolution
		Debug|Any CPU = Debug|Any CPU
		Release|Any CPU = Release|Any CPU
	EndGlobalSection
	GlobalSection(ProjectConfigurationPlatforms) = postSolution
		{8692A4C2-7148-FD95-3EB6-8772238D1446}.Debug|Any CPU.ActiveCfg = Debug|Any CPU
		{8692A4C2-7148-FD95-3EB6-8772238D1446}.Debug|Any CPU.Build.0 = Debug|Any CPU
		{8692A4C2-7148-FD95-3EB6-8772238D1446}.Release|Any CPU.ActiveCfg = Release|Any CPU
		{8692A4C2-7148-FD95-3EB6-8772238D1446}.Release|Any CPU.Build.0 = Release|Any CPU
		{3601A738-0E07-D8B6-C243-3F7A81536C59}.Debug|Any CPU.ActiveCfg = Debug|Any CPU
		{3601A738-0E07-D8B6-C243-3F7A81536C59}.Debug|Any CPU.Build.0 = Debug|Any CPU
		{3601A738-0E07-D8B6-C243-3F7A81536C59}.Release|Any CPU.ActiveCfg = Release|Any CPU
		{3601A738-0E07-D8B6-C243-3F7A81536C59}.Release|Any CPU.Build.0 = Release|Any CPU
		{0D8396C1-EE51-FE2B-608F-DF51D814DC24}.Debug|Any CPU.ActiveCfg = Debug|Any CPU
		{0D8396C1-EE51-FE2B-608F-DF51D814DC24}.Debug|Any CPU.Build.0 = Debug|Any CPU
		{0D8396C1-EE51-FE2B-608F-DF51D814DC24}.Release|Any CPU.ActiveCfg = Release|Any CPU
		{0D8396C1-EE51-FE2B-608F-DF51D814DC24}.Release|Any CPU.Build.0 = Release|Any CPU
	EndGlobalSection
	GlobalSection(SolutionProperties) = preSolution
		HideSolutionNode = FALSE
	EndGlobalSection
EndGlobal
